// !$*UTF8*$!
{
	archiveVersion = 1;
	classes = {
	};
	objectVersion = 46;
	objects = {

/* Begin PBXBuildFile section */
		0FC275741F6E7B4600712F29 /* ISBNSearchFramework.framework in Frameworks */ = {isa = PBXBuildFile; fileRef = 0FC2756A1F6E7B4600712F29 /* ISBNSearchFramework.framework */; };
		0FC275791F6E7B4600712F29 /* ISBNSearchFrameworkTests.swift in Sources */ = {isa = PBXBuildFile; fileRef = 0FC275781F6E7B4600712F29 /* ISBNSearchFrameworkTests.swift */; };
		0FC2757B1F6E7B4600712F29 /* ISBNSearchFramework.h in Headers */ = {isa = PBXBuildFile; fileRef = 0FC2756D1F6E7B4600712F29 /* ISBNSearchFramework.h */; settings = {ATTRIBUTES = (Public, ); }; };
		0FC2758A1F6E7C9E00712F29 /* Search.swift in Sources */ = {isa = PBXBuildFile; fileRef = 0FC275891F6E7C9E00712F29 /* Search.swift */; };
		0FC2758D1F6E7CA600712F29 /* ScanProvider.swift in Sources */ = {isa = PBXBuildFile; fileRef = 0FC2758B1F6E7CA600712F29 /* ScanProvider.swift */; };
		0FC2758E1F6E7CA600712F29 /* ScanProviderExtension.swift in Sources */ = {isa = PBXBuildFile; fileRef = 0FC2758C1F6E7CA600712F29 /* ScanProviderExtension.swift */; };
		0FC275901F6E7CAD00712F29 /* BookModel.swift in Sources */ = {isa = PBXBuildFile; fileRef = 0FC2758F1F6E7CAD00712F29 /* BookModel.swift */; };
		0FC275921F6E7CDF00712F29 /* GoogleSearch.swift in Sources */ = {isa = PBXBuildFile; fileRef = 0FC275911F6E7CDF00712F29 /* GoogleSearch.swift */; };
		0FC275951F6E7DC500712F29 /* SearchConstants.swift in Sources */ = {isa = PBXBuildFile; fileRef = 0FC275941F6E7DC500712F29 /* SearchConstants.swift */; };
		0FC2759B1F6E7E2C00712F29 /* GoogleAPIResponseKeys.swift in Sources */ = {isa = PBXBuildFile; fileRef = 0FC2759A1F6E7E2C00712F29 /* GoogleAPIResponseKeys.swift */; };
		0FC2759D1F6E81B800712F29 /* SearchBookError.swift in Sources */ = {isa = PBXBuildFile; fileRef = 0FC2759C1F6E81B800712F29 /* SearchBookError.swift */; };
/* End PBXBuildFile section */

/* Begin PBXContainerItemProxy section */
		0FC275751F6E7B4600712F29 /* PBXContainerItemProxy */ = {
			isa = PBXContainerItemProxy;
			containerPortal = 0FC275611F6E7B4600712F29 /* Project object */;
			proxyType = 1;
			remoteGlobalIDString = 0FC275691F6E7B4600712F29;
			remoteInfo = ISBNSearchFramework;
		};
/* End PBXContainerItemProxy section */

/* Begin PBXFileReference section */
		0FC2756A1F6E7B4600712F29 /* ISBNSearchFramework.framework */ = {isa = PBXFileReference; explicitFileType = wrapper.framework; includeInIndex = 0; path = ISBNSearchFramework.framework; sourceTree = BUILT_PRODUCTS_DIR; };
		0FC2756D1F6E7B4600712F29 /* ISBNSearchFramework.h */ = {isa = PBXFileReference; lastKnownFileType = sourcecode.c.h; path = ISBNSearchFramework.h; sourceTree = "<group>"; };
		0FC2756E1F6E7B4600712F29 /* Info.plist */ = {isa = PBXFileReference; lastKnownFileType = text.plist.xml; path = Info.plist; sourceTree = "<group>"; };
		0FC275731F6E7B4600712F29 /* ISBNSearchFrameworkTests.xctest */ = {isa = PBXFileReference; explicitFileType = wrapper.cfbundle; includeInIndex = 0; path = ISBNSearchFrameworkTests.xctest; sourceTree = BUILT_PRODUCTS_DIR; };
		0FC275781F6E7B4600712F29 /* ISBNSearchFrameworkTests.swift */ = {isa = PBXFileReference; lastKnownFileType = sourcecode.swift; path = ISBNSearchFrameworkTests.swift; sourceTree = "<group>"; };
		0FC2757A1F6E7B4600712F29 /* Info.plist */ = {isa = PBXFileReference; lastKnownFileType = text.plist.xml; path = Info.plist; sourceTree = "<group>"; };
		0FC275891F6E7C9E00712F29 /* Search.swift */ = {isa = PBXFileReference; fileEncoding = 4; lastKnownFileType = sourcecode.swift; lineEnding = 0; name = Search.swift; path = Protocol/Search.swift; sourceTree = "<group>"; xcLanguageSpecificationIdentifier = xcode.lang.swift; };
		0FC2758B1F6E7CA600712F29 /* ScanProvider.swift */ = {isa = PBXFileReference; fileEncoding = 4; lastKnownFileType = sourcecode.swift; lineEnding = 0; name = ScanProvider.swift; path = Provider/ScanProvider.swift; sourceTree = "<group>"; xcLanguageSpecificationIdentifier = xcode.lang.swift; };
		0FC2758C1F6E7CA600712F29 /* ScanProviderExtension.swift */ = {isa = PBXFileReference; fileEncoding = 4; lastKnownFileType = sourcecode.swift; lineEnding = 0; name = ScanProviderExtension.swift; path = Provider/ScanProviderExtension.swift; sourceTree = "<group>"; xcLanguageSpecificationIdentifier = xcode.lang.swift; };
		0FC2758F1F6E7CAD00712F29 /* BookModel.swift */ = {isa = PBXFileReference; fileEncoding = 4; lastKnownFileType = sourcecode.swift; lineEnding = 0; name = BookModel.swift; path = Model/BookModel.swift; sourceTree = "<group>"; xcLanguageSpecificationIdentifier = xcode.lang.swift; };
		0FC275911F6E7CDF00712F29 /* GoogleSearch.swift */ = {isa = PBXFileReference; fileEncoding = 4; lastKnownFileType = sourcecode.swift; lineEnding = 0; name = GoogleSearch.swift; path = SearchType/GoogleSearch.swift; sourceTree = "<group>"; xcLanguageSpecificationIdentifier = xcode.lang.swift; };
		0FC275941F6E7DC500712F29 /* SearchConstants.swift */ = {isa = PBXFileReference; fileEncoding = 4; lastKnownFileType = sourcecode.swift; name = SearchConstants.swift; path = Util/SearchConstants.swift; sourceTree = "<group>"; };
		0FC2759A1F6E7E2C00712F29 /* GoogleAPIResponseKeys.swift */ = {isa = PBXFileReference; fileEncoding = 4; lastKnownFileType = sourcecode.swift; name = GoogleAPIResponseKeys.swift; path = Enum/GoogleAPIResponseKeys.swift; sourceTree = "<group>"; };
		0FC2759C1F6E81B800712F29 /* SearchBookError.swift */ = {isa = PBXFileReference; fileEncoding = 4; lastKnownFileType = sourcecode.swift; name = SearchBookError.swift; path = Enum/SearchBookError.swift; sourceTree = "<group>"; };
/* End PBXFileReference section */

/* Begin PBXFrameworksBuildPhase section */
		0FC275661F6E7B4600712F29 /* Frameworks */ = {
			isa = PBXFrameworksBuildPhase;
			buildActionMask = 2147483647;
			files = (
			);
			runOnlyForDeploymentPostprocessing = 0;
		};
		0FC275701F6E7B4600712F29 /* Frameworks */ = {
			isa = PBXFrameworksBuildPhase;
			buildActionMask = 2147483647;
			files = (
				0FC275741F6E7B4600712F29 /* ISBNSearchFramework.framework in Frameworks */,
			);
			runOnlyForDeploymentPostprocessing = 0;
		};
/* End PBXFrameworksBuildPhase section */

/* Begin PBXGroup section */
		0FC275601F6E7B4600712F29 = {
			isa = PBXGroup;
			children = (
				0FC2756C1F6E7B4600712F29 /* ISBNSearchFramework */,
				0FC275771F6E7B4600712F29 /* ISBNSearchFrameworkTests */,
				0FC2756B1F6E7B4600712F29 /* Products */,
			);
			sourceTree = "<group>";
		};
		0FC2756B1F6E7B4600712F29 /* Products */ = {
			isa = PBXGroup;
			children = (
				0FC2756A1F6E7B4600712F29 /* ISBNSearchFramework.framework */,
				0FC275731F6E7B4600712F29 /* ISBNSearchFrameworkTests.xctest */,
			);
			name = Products;
			sourceTree = "<group>";
		};
		0FC2756C1F6E7B4600712F29 /* ISBNSearchFramework */ = {
			isa = PBXGroup;
			children = (
				0FC275871F6E7BE000712F29 /* Protocol */,
				0FC275861F6E7BDB00712F29 /* Provider */,
				0FC275851F6E7BD000712F29 /* Model */,
				0FC275841F6E7BC800712F29 /* SearchType */,
				0FC275931F6E7DA600712F29 /* Util */,
				0FC275981F6E7DFA00712F29 /* Enum */,
				0FC2756D1F6E7B4600712F29 /* ISBNSearchFramework.h */,
				0FC2756E1F6E7B4600712F29 /* Info.plist */,
			);
			path = ISBNSearchFramework;
			sourceTree = "<group>";
		};
		0FC275771F6E7B4600712F29 /* ISBNSearchFrameworkTests */ = {
			isa = PBXGroup;
			children = (
				0FC275781F6E7B4600712F29 /* ISBNSearchFrameworkTests.swift */,
				0FC2757A1F6E7B4600712F29 /* Info.plist */,
			);
			path = ISBNSearchFrameworkTests;
			sourceTree = "<group>";
		};
		0FC275841F6E7BC800712F29 /* SearchType */ = {
			isa = PBXGroup;
			children = (
				0FC275911F6E7CDF00712F29 /* GoogleSearch.swift */,
			);
			name = SearchType;
			sourceTree = "<group>";
		};
		0FC275851F6E7BD000712F29 /* Model */ = {
			isa = PBXGroup;
			children = (
				0FC2758F1F6E7CAD00712F29 /* BookModel.swift */,
			);
			name = Model;
			sourceTree = "<group>";
		};
		0FC275861F6E7BDB00712F29 /* Provider */ = {
			isa = PBXGroup;
			children = (
				0FC2758B1F6E7CA600712F29 /* ScanProvider.swift */,
				0FC2758C1F6E7CA600712F29 /* ScanProviderExtension.swift */,
			);
			name = Provider;
			sourceTree = "<group>";
		};
		0FC275871F6E7BE000712F29 /* Protocol */ = {
			isa = PBXGroup;
			children = (
				0FC275891F6E7C9E00712F29 /* Search.swift */,
			);
			name = Protocol;
			sourceTree = "<group>";
		};
		0FC275931F6E7DA600712F29 /* Util */ = {
			isa = PBXGroup;
			children = (
				0FC275941F6E7DC500712F29 /* SearchConstants.swift */,
			);
			name = Util;
			sourceTree = "<group>";
		};
		0FC275981F6E7DFA00712F29 /* Enum */ = {
			isa = PBXGroup;
			children = (
				0FC2759A1F6E7E2C00712F29 /* GoogleAPIResponseKeys.swift */,
				0FC2759C1F6E81B800712F29 /* SearchBookError.swift */,
			);
			name = Enum;
			sourceTree = "<group>";
		};
/* End PBXGroup section */

/* Begin PBXHeadersBuildPhase section */
		0FC275671F6E7B4600712F29 /* Headers */ = {
			isa = PBXHeadersBuildPhase;
			buildActionMask = 2147483647;
			files = (
				0FC2757B1F6E7B4600712F29 /* ISBNSearchFramework.h in Headers */,
			);
			runOnlyForDeploymentPostprocessing = 0;
		};
/* End PBXHeadersBuildPhase section */

/* Begin PBXNativeTarget section */
		0FC275691F6E7B4600712F29 /* ISBNSearchFramework */ = {
			isa = PBXNativeTarget;
			buildConfigurationList = 0FC2757E1F6E7B4600712F29 /* Build configuration list for PBXNativeTarget "ISBNSearchFramework" */;
			buildPhases = (
				0FC275651F6E7B4600712F29 /* Sources */,
				0FC275661F6E7B4600712F29 /* Frameworks */,
				0FC275671F6E7B4600712F29 /* Headers */,
				0FC275681F6E7B4600712F29 /* Resources */,
				0FC275881F6E7C0900712F29 /* ShellScript */,
			);
			buildRules = (
			);
			dependencies = (
			);
			name = ISBNSearchFramework;
			productName = ISBNSearchFramework;
			productReference = 0FC2756A1F6E7B4600712F29 /* ISBNSearchFramework.framework */;
			productType = "com.apple.product-type.framework";
		};
		0FC275721F6E7B4600712F29 /* ISBNSearchFrameworkTests */ = {
			isa = PBXNativeTarget;
			buildConfigurationList = 0FC275811F6E7B4600712F29 /* Build configuration list for PBXNativeTarget "ISBNSearchFrameworkTests" */;
			buildPhases = (
				0FC2756F1F6E7B4600712F29 /* Sources */,
				0FC275701F6E7B4600712F29 /* Frameworks */,
				0FC275711F6E7B4600712F29 /* Resources */,
			);
			buildRules = (
			);
			dependencies = (
				0FC275761F6E7B4600712F29 /* PBXTargetDependency */,
			);
			name = ISBNSearchFrameworkTests;
			productName = ISBNSearchFrameworkTests;
			productReference = 0FC275731F6E7B4600712F29 /* ISBNSearchFrameworkTests.xctest */;
			productType = "com.apple.product-type.bundle.unit-test";
		};
/* End PBXNativeTarget section */

/* Begin PBXProject section */
		0FC275611F6E7B4600712F29 /* Project object */ = {
			isa = PBXProject;
			attributes = {
				LastSwiftUpdateCheck = 0820;
				LastUpgradeCheck = 0820;
				ORGANIZATIONNAME = "Alican Karayelli";
				TargetAttributes = {
					0FC275691F6E7B4600712F29 = {
						CreatedOnToolsVersion = 8.2.1;
						DevelopmentTeam = 75C2X73JT4;
						LastSwiftMigration = 0820;
						ProvisioningStyle = Automatic;
					};
					0FC275721F6E7B4600712F29 = {
						CreatedOnToolsVersion = 8.2.1;
						DevelopmentTeam = 75C2X73JT4;
						ProvisioningStyle = Automatic;
					};
				};
			};
			buildConfigurationList = 0FC275641F6E7B4600712F29 /* Build configuration list for PBXProject "ISBNSearchFramework" */;
			compatibilityVersion = "Xcode 3.2";
			developmentRegion = English;
			hasScannedForEncodings = 0;
			knownRegions = (
				en,
			);
			mainGroup = 0FC275601F6E7B4600712F29;
			productRefGroup = 0FC2756B1F6E7B4600712F29 /* Products */;
			projectDirPath = "";
			projectRoot = "";
			targets = (
				0FC275691F6E7B4600712F29 /* ISBNSearchFramework */,
				0FC275721F6E7B4600712F29 /* ISBNSearchFrameworkTests */,
			);
		};
/* End PBXProject section */

/* Begin PBXResourcesBuildPhase section */
		0FC275681F6E7B4600712F29 /* Resources */ = {
			isa = PBXResourcesBuildPhase;
			buildActionMask = 2147483647;
			files = (
			);
			runOnlyForDeploymentPostprocessing = 0;
		};
		0FC275711F6E7B4600712F29 /* Resources */ = {
			isa = PBXResourcesBuildPhase;
			buildActionMask = 2147483647;
			files = (
			);
			runOnlyForDeploymentPostprocessing = 0;
		};
/* End PBXResourcesBuildPhase section */

/* Begin PBXShellScriptBuildPhase section */
		0FC275881F6E7C0900712F29 /* ShellScript */ = {
			isa = PBXShellScriptBuildPhase;
			buildActionMask = 2147483647;
			files = (
			);
			inputPaths = (
			);
			outputPaths = (
			);
			runOnlyForDeploymentPostprocessing = 0;
			shellPath = /bin/sh;
			shellScript = "if [ \"true\" == ${ALREADYINVOKED:-false} ]\nthen\necho \"RECURSION: Detected, stopping\"\nelse\nexport ALREADYINVOKED=\"true\"\n\nUNIVERSAL_OUTPUTFOLDER=${BUILD_DIR}/${CONFIGURATION}-iosuniversal\n\n# make sure the output directory exists\nmkdir -p \"${UNIVERSAL_OUTPUTFOLDER}\"\n\n# Step 1. Build Device and Simulator versions\nxcodebuild -target \"${TARGET_NAME}\" ONLY_ACTIVE_ARCH=NO -configuration ${CONFIGURATION} -sdk iphoneos  BUILD_DIR=\"${BUILD_DIR}\" BUILD_ROOT=\"${BUILD_ROOT}\" clean build\nxcodebuild -target \"${TARGET_NAME}\" -configuration ${CONFIGURATION} -sdk iphonesimulator ONLY_ACTIVE_ARCH=NO BUILD_DIR=\"${BUILD_DIR}\" BUILD_ROOT=\"${BUILD_ROOT}\" clean build\n\n# Step 2. Copy the framework structure (from iphoneos build) to the universal folder\ncp -R \"${BUILD_DIR}/${CONFIGURATION}-iphoneos/${PROJECT_NAME}.framework\" \"${UNIVERSAL_OUTPUTFOLDER}/\"\n\n# Step 3. Copy Swift modules from iphonesimulator build (if it exists) to the copied framework directory\nSIMULATOR_SWIFT_MODULES_DIR=\"${BUILD_DIR}/${CONFIGURATION}-iphonesimulator/${PROJECT_NAME}.framework/Modules/${PROJECT_NAME}.swiftmodule/.\"\nif [ -d \"${SIMULATOR_SWIFT_MODULES_DIR}\" ]; then\ncp -R \"${SIMULATOR_SWIFT_MODULES_DIR}\" \"${UNIVERSAL_OUTPUTFOLDER}/${PROJECT_NAME}.framework/Modules/${PROJECT_NAME}.swiftmodule\"\nfi\n\n# Step 4. Create universal binary file using lipo and place the combined executable in the copied framework directory\nlipo -create -output \"${UNIVERSAL_OUTPUTFOLDER}/${PROJECT_NAME}.framework/${PROJECT_NAME}\" \"${BUILD_DIR}/${CONFIGURATION}-iphonesimulator/${PROJECT_NAME}.framework/${PROJECT_NAME}\" \"${BUILD_DIR}/${CONFIGURATION}-iphoneos/${PROJECT_NAME}.framework/${PROJECT_NAME}\"\n\nfi";
		};
/* End PBXShellScriptBuildPhase section */

/* Begin PBXSourcesBuildPhase section */
		0FC275651F6E7B4600712F29 /* Sources */ = {
			isa = PBXSourcesBuildPhase;
			buildActionMask = 2147483647;
			files = (
				0FC2758E1F6E7CA600712F29 /* ScanProviderExtension.swift in Sources */,
				0FC275921F6E7CDF00712F29 /* GoogleSearch.swift in Sources */,
				0FC2758A1F6E7C9E00712F29 /* Search.swift in Sources */,
				0FC2759D1F6E81B800712F29 /* SearchBookError.swift in Sources */,
				0FC2759B1F6E7E2C00712F29 /* GoogleAPIResponseKeys.swift in Sources */,
				0FC275951F6E7DC500712F29 /* SearchConstants.swift in Sources */,
				0FC275901F6E7CAD00712F29 /* BookModel.swift in Sources */,
				0FC2758D1F6E7CA600712F29 /* ScanProvider.swift in Sources */,
			);
			runOnlyForDeploymentPostprocessing = 0;
		};
		0FC2756F1F6E7B4600712F29 /* Sources */ = {
			isa = PBXSourcesBuildPhase;
			buildActionMask = 2147483647;
			files = (
				0FC275791F6E7B4600712F29 /* ISBNSearchFrameworkTests.swift in Sources */,
			);
			runOnlyForDeploymentPostprocessing = 0;
		};
/* End PBXSourcesBuildPhase section */

/* Begin PBXTargetDependency section */
		0FC275761F6E7B4600712F29 /* PBXTargetDependency */ = {
			isa = PBXTargetDependency;
			target = 0FC275691F6E7B4600712F29 /* ISBNSearchFramework */;
			targetProxy = 0FC275751F6E7B4600712F29 /* PBXContainerItemProxy */;
		};
/* End PBXTargetDependency section */

/* Begin XCBuildConfiguration section */
		0FC2757C1F6E7B4600712F29 /* Debug */ = {
			isa = XCBuildConfiguration;
			buildSettings = {
				ALWAYS_SEARCH_USER_PATHS = NO;
				CLANG_ANALYZER_NONNULL = YES;
				CLANG_CXX_LANGUAGE_STANDARD = "gnu++0x";
				CLANG_CXX_LIBRARY = "libc++";
				CLANG_ENABLE_MODULES = YES;
				CLANG_ENABLE_OBJC_ARC = YES;
				CLANG_WARN_BOOL_CONVERSION = YES;
				CLANG_WARN_CONSTANT_CONVERSION = YES;
				CLANG_WARN_DIRECT_OBJC_ISA_USAGE = YES_ERROR;
				CLANG_WARN_DOCUMENTATION_COMMENTS = YES;
				CLANG_WARN_EMPTY_BODY = YES;
				CLANG_WARN_ENUM_CONVERSION = YES;
				CLANG_WARN_INFINITE_RECURSION = YES;
				CLANG_WARN_INT_CONVERSION = YES;
				CLANG_WARN_OBJC_ROOT_CLASS = YES_ERROR;
				CLANG_WARN_SUSPICIOUS_MOVE = YES;
				CLANG_WARN_UNREACHABLE_CODE = YES;
				CLANG_WARN__DUPLICATE_METHOD_MATCH = YES;
				"CODE_SIGN_IDENTITY[sdk=iphoneos*]" = "iPhone Developer";
				COPY_PHASE_STRIP = NO;
				CURRENT_PROJECT_VERSION = 1;
				DEBUG_INFORMATION_FORMAT = dwarf;
				ENABLE_STRICT_OBJC_MSGSEND = YES;
				ENABLE_TESTABILITY = YES;
				GCC_C_LANGUAGE_STANDARD = gnu99;
				GCC_DYNAMIC_NO_PIC = NO;
				GCC_NO_COMMON_BLOCKS = YES;
				GCC_OPTIMIZATION_LEVEL = 0;
				GCC_PREPROCESSOR_DEFINITIONS = (
					"DEBUG=1",
					"$(inherited)",
				);
				GCC_WARN_64_TO_32_BIT_CONVERSION = YES;
				GCC_WARN_ABOUT_RETURN_TYPE = YES_ERROR;
				GCC_WARN_UNDECLARED_SELECTOR = YES;
				GCC_WARN_UNINITIALIZED_AUTOS = YES_AGGRESSIVE;
				GCC_WARN_UNUSED_FUNCTION = YES;
				GCC_WARN_UNUSED_VARIABLE = YES;
				IPHONEOS_DEPLOYMENT_TARGET = 10.2;
				MTL_ENABLE_DEBUG_INFO = YES;
				ONLY_ACTIVE_ARCH = YES;
				SDKROOT = iphoneos;
				SWIFT_ACTIVE_COMPILATION_CONDITIONS = DEBUG;
				SWIFT_OPTIMIZATION_LEVEL = "-Onone";
				TARGETED_DEVICE_FAMILY = "1,2";
				VERSIONING_SYSTEM = "apple-generic";
				VERSION_INFO_PREFIX = "";
			};
			name = Debug;
		};
		0FC2757D1F6E7B4600712F29 /* Release */ = {
			isa = XCBuildConfiguration;
			buildSettings = {
				ALWAYS_SEARCH_USER_PATHS = NO;
				CLANG_ANALYZER_NONNULL = YES;
				CLANG_CXX_LANGUAGE_STANDARD = "gnu++0x";
				CLANG_CXX_LIBRARY = "libc++";
				CLANG_ENABLE_MODULES = YES;
				CLANG_ENABLE_OBJC_ARC = YES;
				CLANG_WARN_BOOL_CONVERSION = YES;
				CLANG_WARN_CONSTANT_CONVERSION = YES;
				CLANG_WARN_DIRECT_OBJC_ISA_USAGE = YES_ERROR;
				CLANG_WARN_DOCUMENTATION_COMMENTS = YES;
				CLANG_WARN_EMPTY_BODY = YES;
				CLANG_WARN_ENUM_CONVERSION = YES;
				CLANG_WARN_INFINITE_RECURSION = YES;
				CLANG_WARN_INT_CONVERSION = YES;
				CLANG_WARN_OBJC_ROOT_CLASS = YES_ERROR;
				CLANG_WARN_SUSPICIOUS_MOVE = YES;
				CLANG_WARN_UNREACHABLE_CODE = YES;
				CLANG_WARN__DUPLICATE_METHOD_MATCH = YES;
				"CODE_SIGN_IDENTITY[sdk=iphoneos*]" = "iPhone Developer";
				COPY_PHASE_STRIP = NO;
				CURRENT_PROJECT_VERSION = 1;
				DEBUG_INFORMATION_FORMAT = "dwarf-with-dsym";
				ENABLE_NS_ASSERTIONS = NO;
				ENABLE_STRICT_OBJC_MSGSEND = YES;
				GCC_C_LANGUAGE_STANDARD = gnu99;
				GCC_NO_COMMON_BLOCKS = YES;
				GCC_WARN_64_TO_32_BIT_CONVERSION = YES;
				GCC_WARN_ABOUT_RETURN_TYPE = YES_ERROR;
				GCC_WARN_UNDECLARED_SELECTOR = YES;
				GCC_WARN_UNINITIALIZED_AUTOS = YES_AGGRESSIVE;
				GCC_WARN_UNUSED_FUNCTION = YES;
				GCC_WARN_UNUSED_VARIABLE = YES;
				IPHONEOS_DEPLOYMENT_TARGET = 10.2;
				MTL_ENABLE_DEBUG_INFO = NO;
				SDKROOT = iphoneos;
				SWIFT_OPTIMIZATION_LEVEL = "-Owholemodule";
				TARGETED_DEVICE_FAMILY = "1,2";
				VALIDATE_PRODUCT = YES;
				VERSIONING_SYSTEM = "apple-generic";
				VERSION_INFO_PREFIX = "";
			};
			name = Release;
		};
		0FC2757F1F6E7B4600712F29 /* Debug */ = {
			isa = XCBuildConfiguration;
			buildSettings = {
				CLANG_ENABLE_MODULES = YES;
				CODE_SIGN_IDENTITY = "";
				DEFINES_MODULE = YES;
				DEVELOPMENT_TEAM = 75C2X73JT4;
				DYLIB_COMPATIBILITY_VERSION = 1;
				DYLIB_CURRENT_VERSION = 1;
				DYLIB_INSTALL_NAME_BASE = "@rpath";
				INFOPLIST_FILE = ISBNSearchFramework/Info.plist;
				INSTALL_PATH = "$(LOCAL_LIBRARY_DIR)/Frameworks";
				LD_RUNPATH_SEARCH_PATHS = "$(inherited) @executable_path/Frameworks @loader_path/Frameworks";
				PRODUCT_BUNDLE_IDENTIFIER = com.akarayelli.ISBNSearchFramework;
				PRODUCT_NAME = "$(TARGET_NAME)";
				SKIP_INSTALL = YES;
				SWIFT_OPTIMIZATION_LEVEL = "-Onone";
				SWIFT_VERSION = 3.0;
			};
			name = Debug;
		};
		0FC275801F6E7B4600712F29 /* Release */ = {
			isa = XCBuildConfiguration;
			buildSettings = {
				CLANG_ENABLE_MODULES = YES;
				CODE_SIGN_IDENTITY = "";
				DEFINES_MODULE = YES;
				DEVELOPMENT_TEAM = 75C2X73JT4;
				DYLIB_COMPATIBILITY_VERSION = 1;
				DYLIB_CURRENT_VERSION = 1;
				DYLIB_INSTALL_NAME_BASE = "@rpath";
				INFOPLIST_FILE = ISBNSearchFramework/Info.plist;
				INSTALL_PATH = "$(LOCAL_LIBRARY_DIR)/Frameworks";
				LD_RUNPATH_SEARCH_PATHS = "$(inherited) @executable_path/Frameworks @loader_path/Frameworks";
				PRODUCT_BUNDLE_IDENTIFIER = com.akarayelli.ISBNSearchFramework;
				PRODUCT_NAME = "$(TARGET_NAME)";
				SKIP_INSTALL = YES;
				SWIFT_VERSION = 3.0;
			};
			name = Release;
		};
		0FC275821F6E7B4600712F29 /* Debug */ = {
			isa = XCBuildConfiguration;
			buildSettings = {
				ALWAYS_EMBED_SWIFT_STANDARD_LIBRARIES = YES;
				DEVELOPMENT_TEAM = 75C2X73JT4;
				INFOPLIST_FILE = ISBNSearchFrameworkTests/Info.plist;
				LD_RUNPATH_SEARCH_PATHS = "$(inherited) @executable_path/Frameworks @loader_path/Frameworks";
				PRODUCT_BUNDLE_IDENTIFIER = com.akarayelli.ISBNSearchFrameworkTests;
				PRODUCT_NAME = "$(TARGET_NAME)";
				SWIFT_VERSION = 3.0;
			};
			name = Debug;
		};
		0FC275831F6E7B4600712F29 /* Release */ = {
			isa = XCBuildConfiguration;
			buildSettings = {
				ALWAYS_EMBED_SWIFT_STANDARD_LIBRARIES = YES;
				DEVELOPMENT_TEAM = 75C2X73JT4;
				INFOPLIST_FILE = ISBNSearchFrameworkTests/Info.plist;
				LD_RUNPATH_SEARCH_PATHS = "$(inherited) @executable_path/Frameworks @loader_path/Frameworks";
				PRODUCT_BUNDLE_IDENTIFIER = com.akarayelli.ISBNSearchFrameworkTests;
				PRODUCT_NAME = "$(TARGET_NAME)";
				SWIFT_VERSION = 3.0;
			};
			name = Release;
		};
/* End XCBuildConfiguration section */

/* Begin XCConfigurationList section */
		0FC275641F6E7B4600712F29 /* Build configuration list for PBXProject "ISBNSearchFramework" */ = {
			isa = XCConfigurationList;
			buildConfigurations = (
				0FC2757C1F6E7B4600712F29 /* Debug */,
				0FC2757D1F6E7B4600712F29 /* Release */,
			);
			defaultConfigurationIsVisible = 0;
			defaultConfigurationName = Release;
		};
		0FC2757E1F6E7B4600712F29 /* Build configuration list for PBXNativeTarget "ISBNSearchFramework" */ = {
			isa = XCConfigurationList;
			buildConfigurations = (
				0FC2757F1F6E7B4600712F29 /* Debug */,
				0FC275801F6E7B4600712F29 /* Release */,
			);
			defaultConfigurationIsVisible = 0;
		};
		0FC275811F6E7B4600712F29 /* Build configuration list for PBXNativeTarget "ISBNSearchFrameworkTests" */ = {
			isa = XCConfigurationList;
			buildConfigurations = (
				0FC275821F6E7B4600712F29 /* Debug */,
				0FC275831F6E7B4600712F29 /* Release */,
			);
			defaultConfigurationIsVisible = 0;
		};
/* End XCConfigurationList section */
	};
	rootObject = 0FC275611F6E7B4600712F29 /* Project object */;
}
